
Microsoft Visual Studio Solution File, Format Version 12.00
Project("{FAE04EC0-301F-11D3-BF4B-00C04F79EFBC}") = "Average Calculator", "Average Calculator\Average Calculator.csproj", "{3568DD30-1D8F-4DE8-8B55-6FB0B023EBA5}"
EndProject
Project("{FAE04EC0-301F-11D3-BF4B-00C04F79EFBC}") = "Student Grading Record", "Student Grading Record\Student Grading Record.csproj", "{39B085ED-7456-45FB-9010-442D6B281A6D}"
EndProject
Global
	GlobalSection(SolutionConfigurationPlatforms) = preSolution
		Debug|Any CPU = Debug|Any CPU
		Release|Any CPU = Release|Any CPU
	EndGlobalSection
	GlobalSection(ProjectConfigurationPlatforms) = postSolution
		{3568DD30-1D8F-4DE8-8B55-6FB0B023EBA5}.Debug|Any CPU.ActiveCfg = Debug|Any CPU
		{3568DD30-1D8F-4DE8-8B55-6FB0B023EBA5}.Debug|Any CPU.Build.0 = Debug|Any CPU
		{3568DD30-1D8F-4DE8-8B55-6FB0B023EBA5}.Release|Any CPU.ActiveCfg = Release|Any CPU
		{3568DD30-1D8F-4DE8-8B55-6FB0B023EBA5}.Release|Any CPU.Build.0 = Release|Any CPU
		{39B085ED-7456-45FB-9010-442D6B281A6D}.Debug|Any CPU.ActiveCfg = Debug|Any CPU
		{39B085ED-7456-45FB-9010-442D6B281A6D}.Debug|Any CPU.Build.0 = Debug|Any CPU
		{39B085ED-7456-45FB-9010-442D6B281A6D}.Release|Any CPU.ActiveCfg = Release|Any CPU
		{39B085ED-7456-45FB-9010-442D6B281A6D}.Release|Any CPU.Build.0 = Release|Any CPU
	EndGlobalSection
EndGlobal
